
Microsoft Visual Studio Solution File, Format Version 12.00
# Visual Studio 15
VisualStudioVersion = 15.0.27703.2042
MinimumVisualStudioVersion = 10.0.40219.1
Project("{2150E333-8FDC-42A3-9474-1A3956D46DE8}") = "1-Apresentation", "1-Apresentation", "{7F00A7C3-1D68-41BF-9207-0F3AF8B8B3B0}"
EndProject
Project("{2150E333-8FDC-42A3-9474-1A3956D46DE8}") = "2-ApplicationService", "2-ApplicationService", "{78BBE3EA-6449-484F-BC4C-4126624DC640}"
EndProject
Project("{2150E333-8FDC-42A3-9474-1A3956D46DE8}") = "4-Domain", "4-Domain", "{D2642A4D-C67C-4DCE-9FAB-612100811976}"
EndProject
Project("{2150E333-8FDC-42A3-9474-1A3956D46DE8}") = "3-Infrastructure", "3-Infrastructure", "{0A55DC6F-AAE5-4418-AD3C-BD3D9807DE1C}"
EndProject
Project("{FAE04EC0-301F-11D3-BF4B-00C04F79EFBC}") = "AccessCorpFormulario.Apresentation.API", "AccessCorpFormulario.Apresentation.API\AccessCorpFormulario.Apresentation.API.csproj", "{99D4578C-F320-470A-86ED-2CA6CC37A13A}"
EndProject
Project("{FAE04EC0-301F-11D3-BF4B-00C04F79EFBC}") = "AccessCorpFormulario.AplicationService.Service", "AccessCorpFormulario.AplicationService.Service\AccessCorpFormulario.AplicationService.Service.csproj", "{AD3D5393-8AA0-4B99-95F1-CB896FF280A3}"
EndProject
Project("{FAE04EC0-301F-11D3-BF4B-00C04F79EFBC}") = "AccessCorpFormulario.Infrastructure.Database", "AccessCorpFormulario.Infrastructure.Database\AccessCorpFormulario.Infrastructure.Database.csproj", "{0C0B7D64-9288-4058-9533-5C8D857E8D5D}"
EndProject
Project("{FAE04EC0-301F-11D3-BF4B-00C04F79EFBC}") = "AccessCorpFormulario.Domain.Domain", "AccessCorpFormulario.Domain.Domain\AccessCorpFormulario.Domain.Domain.csproj", "{5A200B70-421B-43AA-A8BD-319F9169C3BE}"
EndProject
Project("{00D1A9C2-B5F0-4AF3-8072-F6C62B433612}") = "AccessCorpFormulario.Database.Script", "AccessCorpFormulario.Database.Script\AccessCorpFormulario.Database.Script.sqlproj", "{29B6A36A-3E25-4323-A61C-08D0E9AA18CE}"
EndProject
Project("{FAE04EC0-301F-11D3-BF4B-00C04F79EFBC}") = "AccessCorpFormulario.Web", "AccessCorpFormulario.Web\AccessCorpFormulario.Web.csproj", "{CE14AFF1-4800-4CC6-8F01-62FC485CBAA0}"
EndProject
Project("{FAE04EC0-301F-11D3-BF4B-00C04F79EFBC}") = "AccessCorpFormulario.Domain.ModelView", "AccessCorpFormulario.Domain.ModelView\AccessCorpFormulario.Domain.ModelView.csproj", "{AF4AB3D7-4A8C-49B7-8B76-B9140F8B13C2}"
EndProject
Global
	GlobalSection(SolutionConfigurationPlatforms) = preSolution
		Debug|Any CPU = Debug|Any CPU
		Release|Any CPU = Release|Any CPU
	EndGlobalSection
	GlobalSection(ProjectConfigurationPlatforms) = postSolution
		{99D4578C-F320-470A-86ED-2CA6CC37A13A}.Debug|Any CPU.ActiveCfg = Debug|Any CPU
		{99D4578C-F320-470A-86ED-2CA6CC37A13A}.Debug|Any CPU.Build.0 = Debug|Any CPU
		{99D4578C-F320-470A-86ED-2CA6CC37A13A}.Release|Any CPU.ActiveCfg = Release|Any CPU
		{99D4578C-F320-470A-86ED-2CA6CC37A13A}.Release|Any CPU.Build.0 = Release|Any CPU
		{AD3D5393-8AA0-4B99-95F1-CB896FF280A3}.Debug|Any CPU.ActiveCfg = Debug|Any CPU
		{AD3D5393-8AA0-4B99-95F1-CB896FF280A3}.Debug|Any CPU.Build.0 = Debug|Any CPU
		{AD3D5393-8AA0-4B99-95F1-CB896FF280A3}.Release|Any CPU.ActiveCfg = Release|Any CPU
		{AD3D5393-8AA0-4B99-95F1-CB896FF280A3}.Release|Any CPU.Build.0 = Release|Any CPU
		{0C0B7D64-9288-4058-9533-5C8D857E8D5D}.Debug|Any CPU.ActiveCfg = Debug|Any CPU
		{0C0B7D64-9288-4058-9533-5C8D857E8D5D}.Debug|Any CPU.Build.0 = Debug|Any CPU
		{0C0B7D64-9288-4058-9533-5C8D857E8D5D}.Release|Any CPU.ActiveCfg = Release|Any CPU
		{0C0B7D64-9288-4058-9533-5C8D857E8D5D}.Release|Any CPU.Build.0 = Release|Any CPU
		{5A200B70-421B-43AA-A8BD-319F9169C3BE}.Debug|Any CPU.ActiveCfg = Debug|Any CPU
		{5A200B70-421B-43AA-A8BD-319F9169C3BE}.Debug|Any CPU.Build.0 = Debug|Any CPU
		{5A200B70-421B-43AA-A8BD-319F9169C3BE}.Release|Any CPU.ActiveCfg = Release|Any CPU
		{5A200B70-421B-43AA-A8BD-319F9169C3BE}.Release|Any CPU.Build.0 = Release|Any CPU
		{29B6A36A-3E25-4323-A61C-08D0E9AA18CE}.Debug|Any CPU.ActiveCfg = Debug|Any CPU
		{29B6A36A-3E25-4323-A61C-08D0E9AA18CE}.Debug|Any CPU.Build.0 = Debug|Any CPU
		{29B6A36A-3E25-4323-A61C-08D0E9AA18CE}.Debug|Any CPU.Deploy.0 = Debug|Any CPU
		{29B6A36A-3E25-4323-A61C-08D0E9AA18CE}.Release|Any CPU.ActiveCfg = Release|Any CPU
		{29B6A36A-3E25-4323-A61C-08D0E9AA18CE}.Release|Any CPU.Build.0 = Release|Any CPU
		{29B6A36A-3E25-4323-A61C-08D0E9AA18CE}.Release|Any CPU.Deploy.0 = Release|Any CPU
		{CE14AFF1-4800-4CC6-8F01-62FC485CBAA0}.Debug|Any CPU.ActiveCfg = Debug|Any CPU
		{CE14AFF1-4800-4CC6-8F01-62FC485CBAA0}.Debug|Any CPU.Build.0 = Debug|Any CPU
		{CE14AFF1-4800-4CC6-8F01-62FC485CBAA0}.Release|Any CPU.ActiveCfg = Release|Any CPU
		{CE14AFF1-4800-4CC6-8F01-62FC485CBAA0}.Release|Any CPU.Build.0 = Release|Any CPU
		{AF4AB3D7-4A8C-49B7-8B76-B9140F8B13C2}.Debug|Any CPU.ActiveCfg = Debug|Any CPU
		{AF4AB3D7-4A8C-49B7-8B76-B9140F8B13C2}.Debug|Any CPU.Build.0 = Debug|Any CPU
		{AF4AB3D7-4A8C-49B7-8B76-B9140F8B13C2}.Release|Any CPU.ActiveCfg = Release|Any CPU
		{AF4AB3D7-4A8C-49B7-8B76-B9140F8B13C2}.Release|Any CPU.Build.0 = Release|Any CPU
	EndGlobalSection
	GlobalSection(SolutionProperties) = preSolution
		HideSolutionNode = FALSE
	EndGlobalSection
	GlobalSection(NestedProjects) = preSolution
		{99D4578C-F320-470A-86ED-2CA6CC37A13A} = {7F00A7C3-1D68-41BF-9207-0F3AF8B8B3B0}
		{AD3D5393-8AA0-4B99-95F1-CB896FF280A3} = {78BBE3EA-6449-484F-BC4C-4126624DC640}
		{0C0B7D64-9288-4058-9533-5C8D857E8D5D} = {0A55DC6F-AAE5-4418-AD3C-BD3D9807DE1C}
		{5A200B70-421B-43AA-A8BD-319F9169C3BE} = {D2642A4D-C67C-4DCE-9FAB-612100811976}
		{CE14AFF1-4800-4CC6-8F01-62FC485CBAA0} = {7F00A7C3-1D68-41BF-9207-0F3AF8B8B3B0}
		{AF4AB3D7-4A8C-49B7-8B76-B9140F8B13C2} = {D2642A4D-C67C-4DCE-9FAB-612100811976}
	EndGlobalSection
	GlobalSection(ExtensibilityGlobals) = postSolution
		SolutionGuid = {3F88D363-DC3D-44FB-AF9B-5059D3E159D9}
	EndGlobalSection
EndGlobal
